// !$*UTF8*$!
{
	archiveVersion = 1;
	classes = {
	};
	objectVersion = 50;
	objects = {

/* Begin PBXBuildFile section */
		1858964C23042B510004B5B0 /* YXPage.h in Headers */ = {isa = PBXBuildFile; fileRef = 1858964A23042B500004B5B0 /* YXPage.h */; settings = {ATTRIBUTES = (Public, ); }; };
		1858964D23042B510004B5B0 /* YXPage.m in Sources */ = {isa = PBXBuildFile; fileRef = 1858964B23042B510004B5B0 /* YXPage.m */; };
		1858965923052FE60004B5B0 /* UIButton+YXAdd.h in Headers */ = {isa = PBXBuildFile; fileRef = 1858965723052FE60004B5B0 /* UIButton+YXAdd.h */; settings = {ATTRIBUTES = (Public, ); }; };
		1858965A23052FE60004B5B0 /* UIButton+YXAdd.m in Sources */ = {isa = PBXBuildFile; fileRef = 1858965823052FE60004B5B0 /* UIButton+YXAdd.m */; };
		7F6BB630218AED8800254100 /* UIColor+YXAdd.h in Headers */ = {isa = PBXBuildFile; fileRef = 7F6BB62E218AED8800254100 /* UIColor+YXAdd.h */; settings = {ATTRIBUTES = (Public, ); }; };
		7F6BB631218AED8800254100 /* UIColor+YXAdd.m in Sources */ = {isa = PBXBuildFile; fileRef = 7F6BB62F218AED8800254100 /* UIColor+YXAdd.m */; };
		7F8356FD21EC232000B29117 /* UIImage+YXAdd.h in Headers */ = {isa = PBXBuildFile; fileRef = 7F8356FB21EC232000B29117 /* UIImage+YXAdd.h */; settings = {ATTRIBUTES = (Public, ); }; };
		7F8356FE21EC232000B29117 /* UIImage+YXAdd.m in Sources */ = {isa = PBXBuildFile; fileRef = 7F8356FC21EC232000B29117 /* UIImage+YXAdd.m */; };
		7FBDCB1D218764F3008A708F /* YXArsenal.framework in Frameworks */ = {isa = PBXBuildFile; fileRef = 7FBDCB13218764F3008A708F /* YXArsenal.framework */; };
		7FBDCB22218764F3008A708F /* YXArsenalTests.m in Sources */ = {isa = PBXBuildFile; fileRef = 7FBDCB21218764F3008A708F /* YXArsenalTests.m */; };
		7FBDCB24218764F3008A708F /* YXArsenal.h in Headers */ = {isa = PBXBuildFile; fileRef = 7FBDCB16218764F3008A708F /* YXArsenal.h */; settings = {ATTRIBUTES = (Public, ); }; };
		7FBDCB2F21876679008A708F /* NSString+YXAdd.h in Headers */ = {isa = PBXBuildFile; fileRef = 7FBDCB2D21876679008A708F /* NSString+YXAdd.h */; settings = {ATTRIBUTES = (Public, ); }; };
		7FBDCB3021876679008A708F /* NSString+YXAdd.m in Sources */ = {isa = PBXBuildFile; fileRef = 7FBDCB2E21876679008A708F /* NSString+YXAdd.m */; };
		7FDCD27B21BA49110017F32E /* UIView+YXAdd.h in Headers */ = {isa = PBXBuildFile; fileRef = 7FDCD27921BA49100017F32E /* UIView+YXAdd.h */; settings = {ATTRIBUTES = (Public, ); }; };
		7FDCD27C21BA49110017F32E /* UIView+YXAdd.m in Sources */ = {isa = PBXBuildFile; fileRef = 7FDCD27A21BA49110017F32E /* UIView+YXAdd.m */; };
		7FFCE4E2219AFF72009E3751 /* YXVerificationCodeButton.h in Headers */ = {isa = PBXBuildFile; fileRef = 7FFCE4E0219AFF72009E3751 /* YXVerificationCodeButton.h */; settings = {ATTRIBUTES = (Public, ); }; };
		7FFCE4E3219AFF72009E3751 /* YXVerificationCodeButton.m in Sources */ = {isa = PBXBuildFile; fileRef = 7FFCE4E1219AFF72009E3751 /* YXVerificationCodeButton.m */; };
		7FFCE55E21A1549B009E3751 /* NSString+YXAddTests.m in Sources */ = {isa = PBXBuildFile; fileRef = 7FFCE55D21A1549B009E3751 /* NSString+YXAddTests.m */; };
/* End PBXBuildFile section */

/* Begin PBXContainerItemProxy section */
		7FBDCB1E218764F3008A708F /* PBXContainerItemProxy */ = {
			isa = PBXContainerItemProxy;
			containerPortal = 7FBDCB0A218764F3008A708F /* Project object */;
			proxyType = 1;
			remoteGlobalIDString = 7FBDCB12218764F3008A708F;
			remoteInfo = YXArsenal;
		};
/* End PBXContainerItemProxy section */

/* Begin PBXFileReference section */
		1858964A23042B500004B5B0 /* YXPage.h */ = {isa = PBXFileReference; fileEncoding = 4; lastKnownFileType = sourcecode.c.h; path = YXPage.h; sourceTree = "<group>"; };
		1858964B23042B510004B5B0 /* YXPage.m */ = {isa = PBXFileReference; fileEncoding = 4; lastKnownFileType = sourcecode.c.objc; path = YXPage.m; sourceTree = "<group>"; };
		1858965723052FE60004B5B0 /* UIButton+YXAdd.h */ = {isa = PBXFileReference; lastKnownFileType = sourcecode.c.h; path = "UIButton+YXAdd.h"; sourceTree = "<group>"; };
		1858965823052FE60004B5B0 /* UIButton+YXAdd.m */ = {isa = PBXFileReference; lastKnownFileType = sourcecode.c.objc; path = "UIButton+YXAdd.m"; sourceTree = "<group>"; };
		7F6BB62E218AED8800254100 /* UIColor+YXAdd.h */ = {isa = PBXFileReference; lastKnownFileType = sourcecode.c.h; path = "UIColor+YXAdd.h"; sourceTree = "<group>"; };
		7F6BB62F218AED8800254100 /* UIColor+YXAdd.m */ = {isa = PBXFileReference; lastKnownFileType = sourcecode.c.objc; path = "UIColor+YXAdd.m"; sourceTree = "<group>"; };
		7F8356FB21EC232000B29117 /* UIImage+YXAdd.h */ = {isa = PBXFileReference; lastKnownFileType = sourcecode.c.h; path = "UIImage+YXAdd.h"; sourceTree = "<group>"; };
		7F8356FC21EC232000B29117 /* UIImage+YXAdd.m */ = {isa = PBXFileReference; lastKnownFileType = sourcecode.c.objc; path = "UIImage+YXAdd.m"; sourceTree = "<group>"; };
		7FBDCB13218764F3008A708F /* YXArsenal.framework */ = {isa = PBXFileReference; explicitFileType = wrapper.framework; includeInIndex = 0; path = YXArsenal.framework; sourceTree = BUILT_PRODUCTS_DIR; };
		7FBDCB16218764F3008A708F /* YXArsenal.h */ = {isa = PBXFileReference; lastKnownFileType = sourcecode.c.h; path = YXArsenal.h; sourceTree = "<group>"; };
		7FBDCB17218764F3008A708F /* Info.plist */ = {isa = PBXFileReference; lastKnownFileType = text.plist.xml; path = Info.plist; sourceTree = "<group>"; };
		7FBDCB1C218764F3008A708F /* YXArsenalTests.xctest */ = {isa = PBXFileReference; explicitFileType = wrapper.cfbundle; includeInIndex = 0; path = YXArsenalTests.xctest; sourceTree = BUILT_PRODUCTS_DIR; };
		7FBDCB21218764F3008A708F /* YXArsenalTests.m */ = {isa = PBXFileReference; lastKnownFileType = sourcecode.c.objc; path = YXArsenalTests.m; sourceTree = "<group>"; };
		7FBDCB23218764F3008A708F /* Info.plist */ = {isa = PBXFileReference; lastKnownFileType = text.plist.xml; path = Info.plist; sourceTree = "<group>"; };
		7FBDCB2D21876679008A708F /* NSString+YXAdd.h */ = {isa = PBXFileReference; fileEncoding = 4; lastKnownFileType = sourcecode.c.h; path = "NSString+YXAdd.h"; sourceTree = "<group>"; };
		7FBDCB2E21876679008A708F /* NSString+YXAdd.m */ = {isa = PBXFileReference; fileEncoding = 4; lastKnownFileType = sourcecode.c.objc; path = "NSString+YXAdd.m"; sourceTree = "<group>"; };
		7FDCD27921BA49100017F32E /* UIView+YXAdd.h */ = {isa = PBXFileReference; lastKnownFileType = sourcecode.c.h; path = "UIView+YXAdd.h"; sourceTree = "<group>"; };
		7FDCD27A21BA49110017F32E /* UIView+YXAdd.m */ = {isa = PBXFileReference; lastKnownFileType = sourcecode.c.objc; path = "UIView+YXAdd.m"; sourceTree = "<group>"; };
		7FFCE4E0219AFF72009E3751 /* YXVerificationCodeButton.h */ = {isa = PBXFileReference; lastKnownFileType = sourcecode.c.h; path = YXVerificationCodeButton.h; sourceTree = "<group>"; };
		7FFCE4E1219AFF72009E3751 /* YXVerificationCodeButton.m */ = {isa = PBXFileReference; lastKnownFileType = sourcecode.c.objc; path = YXVerificationCodeButton.m; sourceTree = "<group>"; };
		7FFCE55D21A1549B009E3751 /* NSString+YXAddTests.m */ = {isa = PBXFileReference; lastKnownFileType = sourcecode.c.objc; path = "NSString+YXAddTests.m"; sourceTree = "<group>"; };
/* End PBXFileReference section */

/* Begin PBXFrameworksBuildPhase section */
		7FBDCB0F218764F3008A708F /* Frameworks */ = {
			isa = PBXFrameworksBuildPhase;
			buildActionMask = 2147483647;
			files = (
			);
			runOnlyForDeploymentPostprocessing = 0;
		};
		7FBDCB19218764F3008A708F /* Frameworks */ = {
			isa = PBXFrameworksBuildPhase;
			buildActionMask = 2147483647;
			files = (
				7FBDCB1D218764F3008A708F /* YXArsenal.framework in Frameworks */,
			);
			runOnlyForDeploymentPostprocessing = 0;
		};
/* End PBXFrameworksBuildPhase section */

/* Begin PBXGroup section */
		7FBDCB09218764F3008A708F = {
			isa = PBXGroup;
			children = (
				7FBDCB15218764F3008A708F /* YXArsenal */,
				7FBDCB20218764F3008A708F /* YXArsenalTests */,
				7FBDCB14218764F3008A708F /* Products */,
			);
			sourceTree = "<group>";
		};
		7FBDCB14218764F3008A708F /* Products */ = {
			isa = PBXGroup;
			children = (
				7FBDCB13218764F3008A708F /* YXArsenal.framework */,
				7FBDCB1C218764F3008A708F /* YXArsenalTests.xctest */,
			);
			name = Products;
			sourceTree = "<group>";
		};
		7FBDCB15218764F3008A708F /* YXArsenal */ = {
			isa = PBXGroup;
			children = (
				7FBDCB16218764F3008A708F /* YXArsenal.h */,
				7FBDCB2D21876679008A708F /* NSString+YXAdd.h */,
				7FBDCB2E21876679008A708F /* NSString+YXAdd.m */,
				7FBDCB17218764F3008A708F /* Info.plist */,
				7F6BB62E218AED8800254100 /* UIColor+YXAdd.h */,
				7F6BB62F218AED8800254100 /* UIColor+YXAdd.m */,
				7FFCE4E0219AFF72009E3751 /* YXVerificationCodeButton.h */,
				7FFCE4E1219AFF72009E3751 /* YXVerificationCodeButton.m */,
				7FDCD27921BA49100017F32E /* UIView+YXAdd.h */,
				7FDCD27A21BA49110017F32E /* UIView+YXAdd.m */,
				7F8356FB21EC232000B29117 /* UIImage+YXAdd.h */,
				7F8356FC21EC232000B29117 /* UIImage+YXAdd.m */,
				1858964A23042B500004B5B0 /* YXPage.h */,
				1858964B23042B510004B5B0 /* YXPage.m */,
				1858965723052FE60004B5B0 /* UIButton+YXAdd.h */,
				1858965823052FE60004B5B0 /* UIButton+YXAdd.m */,
			);
			path = YXArsenal;
			sourceTree = "<group>";
		};
		7FBDCB20218764F3008A708F /* YXArsenalTests */ = {
			isa = PBXGroup;
			children = (
				7FBDCB21218764F3008A708F /* YXArsenalTests.m */,
				7FBDCB23218764F3008A708F /* Info.plist */,
				7FFCE55D21A1549B009E3751 /* NSString+YXAddTests.m */,
			);
			path = YXArsenalTests;
			sourceTree = "<group>";
		};
/* End PBXGroup section */

/* Begin PBXHeadersBuildPhase section */
		7FBDCB10218764F3008A708F /* Headers */ = {
			isa = PBXHeadersBuildPhase;
			buildActionMask = 2147483647;
			files = (
				7FBDCB24218764F3008A708F /* YXArsenal.h in Headers */,
				7FBDCB2F21876679008A708F /* NSString+YXAdd.h in Headers */,
				7F6BB630218AED8800254100 /* UIColor+YXAdd.h in Headers */,
				7FDCD27B21BA49110017F32E /* UIView+YXAdd.h in Headers */,
				7F8356FD21EC232000B29117 /* UIImage+YXAdd.h in Headers */,
				7FFCE4E2219AFF72009E3751 /* YXVerificationCodeButton.h in Headers */,
				1858965923052FE60004B5B0 /* UIButton+YXAdd.h in Headers */,
				1858964C23042B510004B5B0 /* YXPage.h in Headers */,
			);
			runOnlyForDeploymentPostprocessing = 0;
		};
/* End PBXHeadersBuildPhase section */

/* Begin PBXNativeTarget section */
		7FBDCB12218764F3008A708F /* YXArsenal */ = {
			isa = PBXNativeTarget;
			buildConfigurationList = 7FBDCB27218764F3008A708F /* Build configuration list for PBXNativeTarget "YXArsenal" */;
			buildPhases = (
				7FBDCB0E218764F3008A708F /* Sources */,
				7FBDCB0F218764F3008A708F /* Frameworks */,
				7FBDCB10218764F3008A708F /* Headers */,
				7FBDCB11218764F3008A708F /* Resources */,
			);
			buildRules = (
			);
			dependencies = (
			);
			name = YXArsenal;
			productName = YXArsenal;
			productReference = 7FBDCB13218764F3008A708F /* YXArsenal.framework */;
			productType = "com.apple.product-type.framework";
		};
		7FBDCB1B218764F3008A708F /* YXArsenalTests */ = {
			isa = PBXNativeTarget;
			buildConfigurationList = 7FBDCB2A218764F3008A708F /* Build configuration list for PBXNativeTarget "YXArsenalTests" */;
			buildPhases = (
				7FBDCB18218764F3008A708F /* Sources */,
				7FBDCB19218764F3008A708F /* Frameworks */,
				7FBDCB1A218764F3008A708F /* Resources */,
			);
			buildRules = (
			);
			dependencies = (
				7FBDCB1F218764F3008A708F /* PBXTargetDependency */,
			);
			name = YXArsenalTests;
			productName = YXArsenalTests;
			productReference = 7FBDCB1C218764F3008A708F /* YXArsenalTests.xctest */;
			productType = "com.apple.product-type.bundle.unit-test";
		};
/* End PBXNativeTarget section */

/* Begin PBXProject section */
		7FBDCB0A218764F3008A708F /* Project object */ = {
			isa = PBXProject;
			attributes = {
				LastUpgradeCheck = 0940;
				ORGANIZATIONNAME = flwhrt;
				TargetAttributes = {
					7FBDCB12218764F3008A708F = {
						CreatedOnToolsVersion = 9.4;
					};
					7FBDCB1B218764F3008A708F = {
						CreatedOnToolsVersion = 9.4;
					};
				};
			};
			buildConfigurationList = 7FBDCB0D218764F3008A708F /* Build configuration list for PBXProject "YXArsenal" */;
			compatibilityVersion = "Xcode 9.3";
			developmentRegion = en;
			hasScannedForEncodings = 0;
			knownRegions = (
				en,
			);
			mainGroup = 7FBDCB09218764F3008A708F;
			productRefGroup = 7FBDCB14218764F3008A708F /* Products */;
			projectDirPath = "";
			projectRoot = "";
			targets = (
				7FBDCB12218764F3008A708F /* YXArsenal */,
				7FBDCB1B218764F3008A708F /* YXArsenalTests */,
			);
		};
/* End PBXProject section */

/* Begin PBXResourcesBuildPhase section */
		7FBDCB11218764F3008A708F /* Resources */ = {
			isa = PBXResourcesBuildPhase;
			buildActionMask = 2147483647;
			files = (
			);
			runOnlyForDeploymentPostprocessing = 0;
		};
		7FBDCB1A218764F3008A708F /* Resources */ = {
			isa = PBXResourcesBuildPhase;
			buildActionMask = 2147483647;
			files = (
			);
			runOnlyForDeploymentPostprocessing = 0;
		};
/* End PBXResourcesBuildPhase section */

/* Begin PBXSourcesBuildPhase section */
		7FBDCB0E218764F3008A708F /* Sources */ = {
			isa = PBXSourcesBuildPhase;
			buildActionMask = 2147483647;
			files = (
				1858964D23042B510004B5B0 /* YXPage.m in Sources */,
				1858965A23052FE60004B5B0 /* UIButton+YXAdd.m in Sources */,
				7FFCE4E3219AFF72009E3751 /* YXVerificationCodeButton.m in Sources */,
				7F8356FE21EC232000B29117 /* UIImage+YXAdd.m in Sources */,
				7F6BB631218AED8800254100 /* UIColor+YXAdd.m in Sources */,
				7FBDCB3021876679008A708F /* NSString+YXAdd.m in Sources */,
				7FDCD27C21BA49110017F32E /* UIView+YXAdd.m in Sources */,
			);
			runOnlyForDeploymentPostprocessing = 0;
		};
		7FBDCB18218764F3008A708F /* Sources */ = {
			isa = PBXSourcesBuildPhase;
			buildActionMask = 2147483647;
			files = (
				7FFCE55E21A1549B009E3751 /* NSString+YXAddTests.m in Sources */,
				7FBDCB22218764F3008A708F /* YXArsenalTests.m in Sources */,
			);
			runOnlyForDeploymentPostprocessing = 0;
		};
/* End PBXSourcesBuildPhase section */

/* Begin PBXTargetDependency section */
		7FBDCB1F218764F3008A708F /* PBXTargetDependency */ = {
			isa = PBXTargetDependency;
			target = 7FBDCB12218764F3008A708F /* YXArsenal */;
			targetProxy = 7FBDCB1E218764F3008A708F /* PBXContainerItemProxy */;
		};
/* End PBXTargetDependency section */

/* Begin XCBuildConfiguration section */
		7FBDCB25218764F3008A708F /* Debug */ = {
			isa = XCBuildConfiguration;
			buildSettings = {
				ALWAYS_SEARCH_USER_PATHS = NO;
				CLANG_ANALYZER_NONNULL = YES;
				CLANG_ANALYZER_NUMBER_OBJECT_CONVERSION = YES_AGGRESSIVE;
				CLANG_CXX_LANGUAGE_STANDARD = "gnu++14";
				CLANG_CXX_LIBRARY = "libc++";
				CLANG_ENABLE_MODULES = YES;
				CLANG_ENABLE_OBJC_ARC = YES;
				CLANG_ENABLE_OBJC_WEAK = YES;
				CLANG_WARN_BLOCK_CAPTURE_AUTORELEASING = YES;
				CLANG_WARN_BOOL_CONVERSION = YES;
				CLANG_WARN_COMMA = YES;
				CLANG_WARN_CONSTANT_CONVERSION = YES;
				CLANG_WARN_DEPRECATED_OBJC_IMPLEMENTATIONS = YES;
				CLANG_WARN_DIRECT_OBJC_ISA_USAGE = YES_ERROR;
				CLANG_WARN_DOCUMENTATION_COMMENTS = YES;
				CLANG_WARN_EMPTY_BODY = YES;
				CLANG_WARN_ENUM_CONVERSION = YES;
				CLANG_WARN_INFINITE_RECURSION = YES;
				CLANG_WARN_INT_CONVERSION = YES;
				CLANG_WARN_NON_LITERAL_NULL_CONVERSION = YES;
				CLANG_WARN_OBJC_IMPLICIT_RETAIN_SELF = YES;
				CLANG_WARN_OBJC_LITERAL_CONVERSION = YES;
				CLANG_WARN_OBJC_ROOT_CLASS = YES_ERROR;
				CLANG_WARN_RANGE_LOOP_ANALYSIS = YES;
				CLANG_WARN_STRICT_PROTOTYPES = YES;
				CLANG_WARN_SUSPICIOUS_MOVE = YES;
				CLANG_WARN_UNGUARDED_AVAILABILITY = YES_AGGRESSIVE;
				CLANG_WARN_UNREACHABLE_CODE = YES;
				CLANG_WARN__DUPLICATE_METHOD_MATCH = YES;
				CODE_SIGN_IDENTITY = "iPhone Developer";
				COPY_PHASE_STRIP = NO;
				CURRENT_PROJECT_VERSION = 1;
				DEBUG_INFORMATION_FORMAT = dwarf;
				ENABLE_STRICT_OBJC_MSGSEND = YES;
				ENABLE_TESTABILITY = YES;
				GCC_C_LANGUAGE_STANDARD = gnu11;
				GCC_DYNAMIC_NO_PIC = NO;
				GCC_NO_COMMON_BLOCKS = YES;
				GCC_OPTIMIZATION_LEVEL = 0;
				GCC_PREPROCESSOR_DEFINITIONS = (
					"DEBUG=1",
					"$(inherited)",
				);
				GCC_WARN_64_TO_32_BIT_CONVERSION = YES;
				GCC_WARN_ABOUT_RETURN_TYPE = YES_ERROR;
				GCC_WARN_UNDECLARED_SELECTOR = YES;
				GCC_WARN_UNINITIALIZED_AUTOS = YES_AGGRESSIVE;
				GCC_WARN_UNUSED_FUNCTION = YES;
				GCC_WARN_UNUSED_VARIABLE = YES;
				IPHONEOS_DEPLOYMENT_TARGET = 11.4;
				MTL_ENABLE_DEBUG_INFO = YES;
				ONLY_ACTIVE_ARCH = YES;
				SDKROOT = iphoneos;
				VERSIONING_SYSTEM = "apple-generic";
				VERSION_INFO_PREFIX = "";
			};
			name = Debug;
		};
		7FBDCB26218764F3008A708F /* Release */ = {
			isa = XCBuildConfiguration;
			buildSettings = {
				ALWAYS_SEARCH_USER_PATHS = NO;
				CLANG_ANALYZER_NONNULL = YES;
				CLANG_ANALYZER_NUMBER_OBJECT_CONVERSION = YES_AGGRESSIVE;
				CLANG_CXX_LANGUAGE_STANDARD = "gnu++14";
				CLANG_CXX_LIBRARY = "libc++";
				CLANG_ENABLE_MODULES = YES;
				CLANG_ENABLE_OBJC_ARC = YES;
				CLANG_ENABLE_OBJC_WEAK = YES;
				CLANG_WARN_BLOCK_CAPTURE_AUTORELEASING = YES;
				CLANG_WARN_BOOL_CONVERSION = YES;
				CLANG_WARN_COMMA = YES;
				CLANG_WARN_CONSTANT_CONVERSION = YES;
				CLANG_WARN_DEPRECATED_OBJC_IMPLEMENTATIONS = YES;
				CLANG_WARN_DIRECT_OBJC_ISA_USAGE = YES_ERROR;
				CLANG_WARN_DOCUMENTATION_COMMENTS = YES;
				CLANG_WARN_EMPTY_BODY = YES;
				CLANG_WARN_ENUM_CONVERSION = YES;
				CLANG_WARN_INFINITE_RECURSION = YES;
				CLANG_WARN_INT_CONVERSION = YES;
				CLANG_WARN_NON_LITERAL_NULL_CONVERSION = YES;
				CLANG_WARN_OBJC_IMPLICIT_RETAIN_SELF = YES;
				CLANG_WARN_OBJC_LITERAL_CONVERSION = YES;
				CLANG_WARN_OBJC_ROOT_CLASS = YES_ERROR;
				CLANG_WARN_RANGE_LOOP_ANALYSIS = YES;
				CLANG_WARN_STRICT_PROTOTYPES = YES;
				CLANG_WARN_SUSPICIOUS_MOVE = YES;
				CLANG_WARN_UNGUARDED_AVAILABILITY = YES_AGGRESSIVE;
				CLANG_WARN_UNREACHABLE_CODE = YES;
				CLANG_WARN__DUPLICATE_METHOD_MATCH = YES;
				CODE_SIGN_IDENTITY = "iPhone Developer";
				COPY_PHASE_STRIP = NO;
				CURRENT_PROJECT_VERSION = 1;
				DEBUG_INFORMATION_FORMAT = "dwarf-with-dsym";
				ENABLE_NS_ASSERTIONS = NO;
				ENABLE_STRICT_OBJC_MSGSEND = YES;
				GCC_C_LANGUAGE_STANDARD = gnu11;
				GCC_NO_COMMON_BLOCKS = YES;
				GCC_WARN_64_TO_32_BIT_CONVERSION = YES;
				GCC_WARN_ABOUT_RETURN_TYPE = YES_ERROR;
				GCC_WARN_UNDECLARED_SELECTOR = YES;
				GCC_WARN_UNINITIALIZED_AUTOS = YES_AGGRESSIVE;
				GCC_WARN_UNUSED_FUNCTION = YES;
				GCC_WARN_UNUSED_VARIABLE = YES;
				IPHONEOS_DEPLOYMENT_TARGET = 11.4;
				MTL_ENABLE_DEBUG_INFO = NO;
				SDKROOT = iphoneos;
				VALIDATE_PRODUCT = YES;
				VERSIONING_SYSTEM = "apple-generic";
				VERSION_INFO_PREFIX = "";
			};
			name = Release;
		};
		7FBDCB28218764F3008A708F /* Debug */ = {
			isa = XCBuildConfiguration;
			buildSettings = {
				CODE_SIGN_IDENTITY = "";
				CODE_SIGN_STYLE = Automatic;
				DEFINES_MODULE = YES;
				DYLIB_COMPATIBILITY_VERSION = 1;
				DYLIB_CURRENT_VERSION = 1;
				DYLIB_INSTALL_NAME_BASE = "@rpath";
				INFOPLIST_FILE = YXArsenal/Info.plist;
				INSTALL_PATH = "$(LOCAL_LIBRARY_DIR)/Frameworks";
				LD_RUNPATH_SEARCH_PATHS = (
					"$(inherited)",
					"@executable_path/Frameworks",
					"@loader_path/Frameworks",
				);
				PRODUCT_BUNDLE_IDENTIFIER = com.yx.YXArsenal;
				PRODUCT_NAME = "$(TARGET_NAME:c99extidentifier)";
				SKIP_INSTALL = YES;
				TARGETED_DEVICE_FAMILY = "1,2";
			};
			name = Debug;
		};
		7FBDCB29218764F3008A708F /* Release */ = {
			isa = XCBuildConfiguration;
			buildSettings = {
				CODE_SIGN_IDENTITY = "";
				CODE_SIGN_STYLE = Automatic;
				DEFINES_MODULE = YES;
				DYLIB_COMPATIBILITY_VERSION = 1;
				DYLIB_CURRENT_VERSION = 1;
				DYLIB_INSTALL_NAME_BASE = "@rpath";
				INFOPLIST_FILE = YXArsenal/Info.plist;
				INSTALL_PATH = "$(LOCAL_LIBRARY_DIR)/Frameworks";
				LD_RUNPATH_SEARCH_PATHS = (
					"$(inherited)",
					"@executable_path/Frameworks",
					"@loader_path/Frameworks",
				);
				PRODUCT_BUNDLE_IDENTIFIER = com.yx.YXArsenal;
				PRODUCT_NAME = "$(TARGET_NAME:c99extidentifier)";
				SKIP_INSTALL = YES;
				TARGETED_DEVICE_FAMILY = "1,2";
			};
			name = Release;
		};
		7FBDCB2B218764F3008A708F /* Debug */ = {
			isa = XCBuildConfiguration;
			buildSettings = {
				CODE_SIGN_STYLE = Automatic;
				INFOPLIST_FILE = YXArsenalTests/Info.plist;
				LD_RUNPATH_SEARCH_PATHS = (
					"$(inherited)",
					"@executable_path/Frameworks",
					"@loader_path/Frameworks",
				);
				PRODUCT_BUNDLE_IDENTIFIER = com.yx.YXArsenalTests;
				PRODUCT_NAME = "$(TARGET_NAME)";
				TARGETED_DEVICE_FAMILY = "1,2";
			};
			name = Debug;
		};
		7FBDCB2C218764F3008A708F /* Release */ = {
			isa = XCBuildConfiguration;
			buildSettings = {
				CODE_SIGN_STYLE = Automatic;
				INFOPLIST_FILE = YXArsenalTests/Info.plist;
				LD_RUNPATH_SEARCH_PATHS = (
					"$(inherited)",
					"@executable_path/Frameworks",
					"@loader_path/Frameworks",
				);
				PRODUCT_BUNDLE_IDENTIFIER = com.yx.YXArsenalTests;
				PRODUCT_NAME = "$(TARGET_NAME)";
				TARGETED_DEVICE_FAMILY = "1,2";
			};
			name = Release;
		};
/* End XCBuildConfiguration section */

/* Begin XCConfigurationList section */
		7FBDCB0D218764F3008A708F /* Build configuration list for PBXProject "YXArsenal" */ = {
			isa = XCConfigurationList;
			buildConfigurations = (
				7FBDCB25218764F3008A708F /* Debug */,
				7FBDCB26218764F3008A708F /* Release */,
			);
			defaultConfigurationIsVisible = 0;
			defaultConfigurationName = Release;
		};
		7FBDCB27218764F3008A708F /* Build configuration list for PBXNativeTarget "YXArsenal" */ = {
			isa = XCConfigurationList;
			buildConfigurations = (
				7FBDCB28218764F3008A708F /* Debug */,
				7FBDCB29218764F3008A708F /* Release */,
			);
			defaultConfigurationIsVisible = 0;
			defaultConfigurationName = Release;
		};
		7FBDCB2A218764F3008A708F /* Build configuration list for PBXNativeTarget "YXArsenalTests" */ = {
			isa = XCConfigurationList;
			buildConfigurations = (
				7FBDCB2B218764F3008A708F /* Debug */,
				7FBDCB2C218764F3008A708F /* Release */,
			);
			defaultConfigurationIsVisible = 0;
			defaultConfigurationName = Release;
		};
/* End XCConfigurationList section */
	};
	rootObject = 7FBDCB0A218764F3008A708F /* Project object */;
}
